
Microsoft Visual Studio Solution File, Format Version 12.00
# Visual Studio Version 16
VisualStudioVersion = 16.0.32901.82
MinimumVisualStudioVersion = 10.0.40219.1
Project("{FAE04EC0-301F-11D3-BF4B-00C04F79EFBC}") = "Demo", "Demo\Demo.csproj", "{5E8CD9B4-8F89-41B6-9D4A-7BE2AA0D06DF}"
EndProject
Global
	GlobalSection(SolutionConfigurationPlatforms) = preSolution
		Debug|Any CPU = Debug|Any CPU
		Release|Any CPU = Release|Any CPU
	EndGlobalSection
	GlobalSection(ProjectConfigurationPlatforms) = postSolution
		{5E8CD9B4-8F89-41B6-9D4A-7BE2AA0D06DF}.Debug|Any CPU.ActiveCfg = Debug|Any CPU
		{5E8CD9B4-8F89-41B6-9D4A-7BE2AA0D06DF}.Debug|Any CPU.Build.0 = Debug|Any CPU
		{5E8CD9B4-8F89-41B6-9D4A-7BE2AA0D06DF}.Release|Any CPU.ActiveCfg = Release|Any CPU
		{5E8CD9B4-8F89-41B6-9D4A-7BE2AA0D06DF}.Release|Any CPU.Build.0 = Release|Any CPU
	EndGlobalSection
	GlobalSection(SolutionProperties) = preSolution
		HideSolutionNode = FALSE
	EndGlobalSection
	GlobalSection(ExtensibilityGlobals) = postSolution
		SolutionGuid = {043BF184-3317-443E-BE6D-F0E45A44C2A5}
	EndGlobalSection
EndGlobal
